
Microsoft Visual Studio Solution File, Format Version 12.00
# Visual Studio Version 16
VisualStudioVersion = 16.0.30225.117
MinimumVisualStudioVersion = 10.0.40219.1
Project("{FAE04EC0-301F-11D3-BF4B-00C04F79EFBC}") = "PosadationServer", "PosadationServer\PosadationServer.csproj", "{F1F188B2-4177-4E3E-87B7-ADA3C7996154}"
EndProject
Global
	GlobalSection(SolutionConfigurationPlatforms) = preSolution
		Debug|Any CPU = Debug|Any CPU
		Release|Any CPU = Release|Any CPU
	EndGlobalSection
	GlobalSection(ProjectConfigurationPlatforms) = postSolution
		{F1F188B2-4177-4E3E-87B7-ADA3C7996154}.Debug|Any CPU.ActiveCfg = Debug|Any CPU
		{F1F188B2-4177-4E3E-87B7-ADA3C7996154}.Debug|Any CPU.Build.0 = Debug|Any CPU
		{F1F188B2-4177-4E3E-87B7-ADA3C7996154}.Release|Any CPU.ActiveCfg = Release|Any CPU
		{F1F188B2-4177-4E3E-87B7-ADA3C7996154}.Release|Any CPU.Build.0 = Release|Any CPU
	EndGlobalSection
	GlobalSection(SolutionProperties) = preSolution
		HideSolutionNode = FALSE
	EndGlobalSection
	GlobalSection(ExtensibilityGlobals) = postSolution
		SolutionGuid = {178FD3BA-93F2-441C-B387-D9102AF1BC13}
	EndGlobalSection
EndGlobal
